
Microsoft Visual Studio Solution File, Format Version 12.00
# Visual Studio Version 17
VisualStudioVersion = 17.7.34202.233
MinimumVisualStudioVersion = 10.0.40219.1
Project("{FAE04EC0-301F-11D3-BF4B-00C04F79EFBC}") = "SmEticaret.Mvc", "SmEticaret.Mvc\SmEticaret.Mvc.csproj", "{DDCB2FBA-6F5E-4198-9BE1-E05F9EFA973C}"
EndProject
Project("{FAE04EC0-301F-11D3-BF4B-00C04F79EFBC}") = "SmEticaret.Data", "SmEticaret.Data\SmEticaret.Data.csproj", "{04278426-AD9D-480D-9B9B-29B4702E2475}"
EndProject
Global
	GlobalSection(SolutionConfigurationPlatforms) = preSolution
		Debug|Any CPU = Debug|Any CPU
		Release|Any CPU = Release|Any CPU
	EndGlobalSection
	GlobalSection(ProjectConfigurationPlatforms) = postSolution
		{DDCB2FBA-6F5E-4198-9BE1-E05F9EFA973C}.Debug|Any CPU.ActiveCfg = Debug|Any CPU
		{DDCB2FBA-6F5E-4198-9BE1-E05F9EFA973C}.Debug|Any CPU.Build.0 = Debug|Any CPU
		{DDCB2FBA-6F5E-4198-9BE1-E05F9EFA973C}.Release|Any CPU.ActiveCfg = Release|Any CPU
		{DDCB2FBA-6F5E-4198-9BE1-E05F9EFA973C}.Release|Any CPU.Build.0 = Release|Any CPU
		{04278426-AD9D-480D-9B9B-29B4702E2475}.Debug|Any CPU.ActiveCfg = Debug|Any CPU
		{04278426-AD9D-480D-9B9B-29B4702E2475}.Debug|Any CPU.Build.0 = Debug|Any CPU
		{04278426-AD9D-480D-9B9B-29B4702E2475}.Release|Any CPU.ActiveCfg = Release|Any CPU
		{04278426-AD9D-480D-9B9B-29B4702E2475}.Release|Any CPU.Build.0 = Release|Any CPU
	EndGlobalSection
	GlobalSection(SolutionProperties) = preSolution
		HideSolutionNode = FALSE
	EndGlobalSection
	GlobalSection(ExtensibilityGlobals) = postSolution
		SolutionGuid = {3CD5B2F1-8535-420A-9B68-282A8B3A546F}
	EndGlobalSection
EndGlobal
